lockfileVersion: '9.0'

settings:
  autoInstallPeers: true
  excludeLinksFromLockfile: false

importers:

  .:
    dependencies:
      warning:
        specifier: ^4.0.3
        version: 4.0.3
      warning2:
        specifier: npm:warning@^2.0.0
        version: warning@2.1.0

packages:

  js-tokens@4.0.0:
    resolution: {integrity: sha512-RdJUflcE3cUzKiMqQgsCu06FPu9UdIJO0beYbPhHN4k6apgJtifcoCtT9bcxOpYBtpD2kCM6Sbzg4CausW/PKQ==}

  loose-envify@1.4.0:
    resolution: {integrity: sha512-lyuxPGr/Wfhrlem2CL/UcnUc1zcqKAImBDzukY7Y5F/yQiNdko6+fRLevlw1HgMySw7f611UIY408EtxRSoK3Q==}
    hasBin: true

  warning@2.1.0:
    resolution: {integrity: sha512-O9pvum8nlCqIT5pRGo2WRQJPRG2bW/ZBeCzl7/8CWREjUW693juZpGup7zbRtuVcSKyGiRAIZLYsh3C0vq7FAg==}

  warning@4.0.3:
    resolution: {integrity: sha512-rpJyN222KWIvHJ/F53XSZv0Zl/accqHR8et1kpaMTD/fLCRxtV8iX8czMzY7sVZupTI3zcUTg8eycS2kNF9l6w==}

snapshots:

  js-tokens@4.0.0: {}

  loose-envify@1.4.0:
    dependencies:
      js-tokens: 4.0.0

  warning@2.1.0:
    dependencies:
      loose-envify: 1.4.0

  warning@4.0.3:
    dependencies:
      loose-envify: 1.4.0
