lockfileVersion: '9.0'

settings:
  autoInstallPeers: true
  excludeLinksFromLockfile: false

catalogs:
  default:
    '@rspack/core':
      specifier: 1.5.5
      version: 1.5.5

importers:

  .:
    dependencies:
      '@rspack/core':
        specifier: 'catalog:'
        version: 1.5.5
      '@shined/spack-binding':
        specifier: workspace:*
        version: link:../crates/binding

packages:

  '@emnapi/core@1.5.0':
    resolution: {integrity: sha512-sbP8GzB1WDzacS8fgNPpHlp6C9VZe+SJP3F90W9rLemaQj2PzIuTEl1qDOYQf58YIpyjViI24y9aPWCjEzY2cg==}

  '@emnapi/runtime@1.5.0':
    resolution: {integrity: sha512-97/BJ3iXHww3djw6hYIfErCZFee7qCtrneuLa20UXFCOTCfBM2cvQHjWJ2EG0s0MtdNwInarqCTz35i4wWXHsQ==}

  '@emnapi/wasi-threads@1.1.0':
    resolution: {integrity: sha512-WI0DdZ8xFSbgMjR1sFsKABJ/C5OnRrjT06JXbZKexJGrDuPTzZdDYfFlsgcCXCyf+suG5QU2e/y1Wo2V/OapLQ==}

  '@module-federation/error-codes@0.18.0':
    resolution: {integrity: sha512-Woonm8ehyVIUPXChmbu80Zj6uJkC0dD9SJUZ/wOPtO8iiz/m+dkrOugAuKgoiR6qH4F+yorWila954tBz4uKsQ==}

  '@module-federation/runtime-core@0.18.0':
    resolution: {integrity: sha512-ZyYhrDyVAhUzriOsVfgL6vwd+5ebYm595Y13KeMf6TKDRoUHBMTLGQ8WM4TDj8JNsy7LigncK8C03fn97of0QQ==}

  '@module-federation/runtime-tools@0.18.0':
    resolution: {integrity: sha512-fSga9o4t1UfXNV/Kh6qFvRyZpPp3EHSPRISNeyT8ZoTpzDNiYzhtw0BPUSSD8m6C6XQh2s/11rI4g80UY+d+hA==}

  '@module-federation/runtime@0.18.0':
    resolution: {integrity: sha512-+C4YtoSztM7nHwNyZl6dQKGUVJdsPrUdaf3HIKReg/GQbrt9uvOlUWo2NXMZ8vDAnf/QRrpSYAwXHmWDn9Obaw==}

  '@module-federation/sdk@0.18.0':
    resolution: {integrity: sha512-Lo/Feq73tO2unjmpRfyyoUkTVoejhItXOk/h5C+4cistnHbTV8XHrW/13fD5e1Iu60heVdAhhelJd6F898Ve9A==}

  '@module-federation/webpack-bundler-runtime@0.18.0':
    resolution: {integrity: sha512-TEvErbF+YQ+6IFimhUYKK3a5wapD90d90sLsNpcu2kB3QGT7t4nIluE25duXuZDVUKLz86tEPrza/oaaCWTpvQ==}

  '@napi-rs/wasm-runtime@1.0.5':
    resolution: {integrity: sha512-TBr9Cf9onSAS2LQ2+QHx6XcC6h9+RIzJgbqG3++9TUZSH204AwEy5jg3BTQ0VATsyoGj4ee49tN/y6rvaOOtcg==}

  '@rspack/binding-darwin-arm64@1.5.5':
    resolution: {integrity: sha512-Kg3ywEZHLX+aROfTQ5tMOv+Ud+8b4jk8ruUgsi0W8oBkEkR5xBdhFa9vcf6pzy+gfoLCnEI68U9i8ttm+G0csA==}
    cpu: [arm64]
    os: [darwin]

  '@rspack/binding-darwin-x64@1.5.5':
    resolution: {integrity: sha512-uoGTYnlYW8m47yiDCKvXOehhAOH12wlePJq4sbUbBoHmG07vbDw7fUqnvy2k8319NTVEpMJWGoKyisgI09/uMQ==}
    cpu: [x64]
    os: [darwin]

  '@rspack/binding-linux-arm64-gnu@1.5.5':
    resolution: {integrity: sha512-KgVN3TeUJ3iNwwOX3JGY4arvoLHX94eItJ4TeOSyetRiSJUrQI0evP16i5kIh+n+p7mVnXmfUS944Gl+uNsJmg==}
    cpu: [arm64]
    os: [linux]

  '@rspack/binding-linux-arm64-musl@1.5.5':
    resolution: {integrity: sha512-1gKthlCQinXtWar6Hl9Il6BQ/NgYBH0NVuUsjjf85ejD/cTPQENKyIpGvVa1rSIHSfnG/XujUbruHAeY9mEHCA==}
    cpu: [arm64]
    os: [linux]

  '@rspack/binding-linux-x64-gnu@1.5.5':
    resolution: {integrity: sha512-haPFg4M9GwpSI5g9BQhKUNdzCKDvFexIUkLiAHBjFU9iWQTEcI9VfYPixestOIwzUv7E34rHM+jAsmRGWdgmXw==}
    cpu: [x64]
    os: [linux]

  '@rspack/binding-linux-x64-musl@1.5.5':
    resolution: {integrity: sha512-oUny56JEkCZvIu4n8/P7IPLPNtJnL89EDhxHINH87XLBY3OOgo8JHELR11Zj9SFWiGNsRcLqi+Q78tWa0ligBQ==}
    cpu: [x64]
    os: [linux]

  '@rspack/binding-wasm32-wasi@1.5.5':
    resolution: {integrity: sha512-tRgxBgIXaBKBH/0KlwvyqbIMqQrg8jKOyFOEQseEE7Oqs2M9KkJ7Vp5QN11u3NvZ9nz5GbZxmVGBMkdj9Gth1w==}
    cpu: [wasm32]

  '@rspack/binding-win32-arm64-msvc@1.5.5':
    resolution: {integrity: sha512-wGWd2yluoFdQgtkIbny6FoHnzahTk+o9RzrptjeS1u/NV1lKrWzmWhwZojMGOUqPiaukZKaziOEo7gpRn2XbEQ==}
    cpu: [arm64]
    os: [win32]

  '@rspack/binding-win32-ia32-msvc@1.5.5':
    resolution: {integrity: sha512-Ikml8AQkzjPCG24vTO4pG2bpJ8vp93jVEgo9X9uYjO2vQbIp5QSOmeZOTM7tXCf8AfTfHEF/yAdE/pR/+tXXGQ==}
    cpu: [ia32]
    os: [win32]

  '@rspack/binding-win32-x64-msvc@1.5.5':
    resolution: {integrity: sha512-m2059ms0i/GIQGWTlZ5GI6SWpuMFAPMsWlhXLk2LZRIydhi+N/YPkmc33lFRTlDA3QpKDCvowvCvIIA7g6WSlg==}
    cpu: [x64]
    os: [win32]

  '@rspack/binding@1.5.5':
    resolution: {integrity: sha512-JkB943uBU0lABnKG/jdO+gg3/eeO9CEQMR/1dL6jSU9GTxaNf3XIVc05RhRC7qoVsiXuhSMMFxWyV0hyHxp2bA==}

  '@rspack/core@1.5.5':
    resolution: {integrity: sha512-AOIuMktK6X/xHAjJ/0QJ2kbSkILXj641GCPE+EOfWO27ODA8fHPArKbyz5AVGVePV3aUfEo2VFcsNzP67VBEPA==}
    engines: {node: '>=18.12.0'}
    peerDependencies:
      '@swc/helpers': '>=0.5.1'
    peerDependenciesMeta:
      '@swc/helpers':
        optional: true

  '@rspack/lite-tapable@1.0.1':
    resolution: {integrity: sha512-VynGOEsVw2s8TAlLf/uESfrgfrq2+rcXB1muPJYBWbsm1Oa6r5qVQhjA5ggM6z/coYPrsVMgovl3Ff7Q7OCp1w==}
    engines: {node: '>=16.0.0'}

  '@tybys/wasm-util@0.10.1':
    resolution: {integrity: sha512-9tTaPJLSiejZKx+Bmog4uSubteqTvFrVrURwkmHixBo0G4seD0zUxp98E1DzUBJxLQ3NPwXrGKDiVjwx/DpPsg==}

  tslib@2.8.1:
    resolution: {integrity: sha512-oJFu94HQb+KVduSUQL7wnpmqnfmLsOA/nAh6b6EH0wCEoK0/mPeXU6c3wKDV83MkOuHPRHtSXKKU99IBazS/2w==}

snapshots:

  '@emnapi/core@1.5.0':
    dependencies:
      '@emnapi/wasi-threads': 1.1.0
      tslib: 2.8.1
    optional: true

  '@emnapi/runtime@1.5.0':
    dependencies:
      tslib: 2.8.1
    optional: true

  '@emnapi/wasi-threads@1.1.0':
    dependencies:
      tslib: 2.8.1
    optional: true

  '@module-federation/error-codes@0.18.0': {}

  '@module-federation/runtime-core@0.18.0':
    dependencies:
      '@module-federation/error-codes': 0.18.0
      '@module-federation/sdk': 0.18.0

  '@module-federation/runtime-tools@0.18.0':
    dependencies:
      '@module-federation/runtime': 0.18.0
      '@module-federation/webpack-bundler-runtime': 0.18.0

  '@module-federation/runtime@0.18.0':
    dependencies:
      '@module-federation/error-codes': 0.18.0
      '@module-federation/runtime-core': 0.18.0
      '@module-federation/sdk': 0.18.0

  '@module-federation/sdk@0.18.0': {}

  '@module-federation/webpack-bundler-runtime@0.18.0':
    dependencies:
      '@module-federation/runtime': 0.18.0
      '@module-federation/sdk': 0.18.0

  '@napi-rs/wasm-runtime@1.0.5':
    dependencies:
      '@emnapi/core': 1.5.0
      '@emnapi/runtime': 1.5.0
      '@tybys/wasm-util': 0.10.1
    optional: true

  '@rspack/binding-darwin-arm64@1.5.5':
    optional: true

  '@rspack/binding-darwin-x64@1.5.5':
    optional: true

  '@rspack/binding-linux-arm64-gnu@1.5.5':
    optional: true

  '@rspack/binding-linux-arm64-musl@1.5.5':
    optional: true

  '@rspack/binding-linux-x64-gnu@1.5.5':
    optional: true

  '@rspack/binding-linux-x64-musl@1.5.5':
    optional: true

  '@rspack/binding-wasm32-wasi@1.5.5':
    dependencies:
      '@napi-rs/wasm-runtime': 1.0.5
    optional: true

  '@rspack/binding-win32-arm64-msvc@1.5.5':
    optional: true

  '@rspack/binding-win32-ia32-msvc@1.5.5':
    optional: true

  '@rspack/binding-win32-x64-msvc@1.5.5':
    optional: true

  '@rspack/binding@1.5.5':
    optionalDependencies:
      '@rspack/binding-darwin-arm64': 1.5.5
      '@rspack/binding-darwin-x64': 1.5.5
      '@rspack/binding-linux-arm64-gnu': 1.5.5
      '@rspack/binding-linux-arm64-musl': 1.5.5
      '@rspack/binding-linux-x64-gnu': 1.5.5
      '@rspack/binding-linux-x64-musl': 1.5.5
      '@rspack/binding-wasm32-wasi': 1.5.5
      '@rspack/binding-win32-arm64-msvc': 1.5.5
      '@rspack/binding-win32-ia32-msvc': 1.5.5
      '@rspack/binding-win32-x64-msvc': 1.5.5

  '@rspack/core@1.5.5':
    dependencies:
      '@module-federation/runtime-tools': 0.18.0
      '@rspack/binding': 1.5.5
      '@rspack/lite-tapable': 1.0.1

  '@rspack/lite-tapable@1.0.1': {}

  '@tybys/wasm-util@0.10.1':
    dependencies:
      tslib: 2.8.1
    optional: true

  tslib@2.8.1:
    optional: true
