lockfileVersion: '9.0'

settings:
  autoInstallPeers: true
  excludeLinksFromLockfile: false

catalogs:
  default:
    '@rspack/core':
      specifier: 1.5.7
      version: 1.5.7

importers:

  .:
    dependencies:
      '@rspack/core':
        specifier: 'catalog:'
        version: 1.5.7
      '@shined/spack-binding':
        specifier: workspace:*
        version: link:../crates/binding

packages:

  '@emnapi/core@1.5.0':
    resolution: {integrity: sha512-sbP8GzB1WDzacS8fgNPpHlp6C9VZe+SJP3F90W9rLemaQj2PzIuTEl1qDOYQf58YIpyjViI24y9aPWCjEzY2cg==}

  '@emnapi/runtime@1.5.0':
    resolution: {integrity: sha512-97/BJ3iXHww3djw6hYIfErCZFee7qCtrneuLa20UXFCOTCfBM2cvQHjWJ2EG0s0MtdNwInarqCTz35i4wWXHsQ==}

  '@emnapi/wasi-threads@1.1.0':
    resolution: {integrity: sha512-WI0DdZ8xFSbgMjR1sFsKABJ/C5OnRrjT06JXbZKexJGrDuPTzZdDYfFlsgcCXCyf+suG5QU2e/y1Wo2V/OapLQ==}

  '@module-federation/error-codes@0.18.0':
    resolution: {integrity: sha512-Woonm8ehyVIUPXChmbu80Zj6uJkC0dD9SJUZ/wOPtO8iiz/m+dkrOugAuKgoiR6qH4F+yorWila954tBz4uKsQ==}

  '@module-federation/runtime-core@0.18.0':
    resolution: {integrity: sha512-ZyYhrDyVAhUzriOsVfgL6vwd+5ebYm595Y13KeMf6TKDRoUHBMTLGQ8WM4TDj8JNsy7LigncK8C03fn97of0QQ==}

  '@module-federation/runtime-tools@0.18.0':
    resolution: {integrity: sha512-fSga9o4t1UfXNV/Kh6qFvRyZpPp3EHSPRISNeyT8ZoTpzDNiYzhtw0BPUSSD8m6C6XQh2s/11rI4g80UY+d+hA==}

  '@module-federation/runtime@0.18.0':
    resolution: {integrity: sha512-+C4YtoSztM7nHwNyZl6dQKGUVJdsPrUdaf3HIKReg/GQbrt9uvOlUWo2NXMZ8vDAnf/QRrpSYAwXHmWDn9Obaw==}

  '@module-federation/sdk@0.18.0':
    resolution: {integrity: sha512-Lo/Feq73tO2unjmpRfyyoUkTVoejhItXOk/h5C+4cistnHbTV8XHrW/13fD5e1Iu60heVdAhhelJd6F898Ve9A==}

  '@module-federation/webpack-bundler-runtime@0.18.0':
    resolution: {integrity: sha512-TEvErbF+YQ+6IFimhUYKK3a5wapD90d90sLsNpcu2kB3QGT7t4nIluE25duXuZDVUKLz86tEPrza/oaaCWTpvQ==}

  '@napi-rs/wasm-runtime@1.0.5':
    resolution: {integrity: sha512-TBr9Cf9onSAS2LQ2+QHx6XcC6h9+RIzJgbqG3++9TUZSH204AwEy5jg3BTQ0VATsyoGj4ee49tN/y6rvaOOtcg==}

  '@rspack/binding-darwin-arm64@1.5.7':
    resolution: {integrity: sha512-prQ/vgJxOPdlYiR4gVeOEKofTCEOu70JQIQApqFnw8lKM7rd9ag8ogDNqmc2L/GGXGHLAqds28oeKXRlzYf7+Q==}
    cpu: [arm64]
    os: [darwin]

  '@rspack/binding-darwin-x64@1.5.7':
    resolution: {integrity: sha512-FPqiWSbEEerqfJrGnYe68svvl6NyuQFAb3qqFe/Q0MqFhBYmAZwa0R2/ylugCdgFLZxmkFuWqpDgItpvJb/E3Q==}
    cpu: [x64]
    os: [darwin]

  '@rspack/binding-linux-arm64-gnu@1.5.7':
    resolution: {integrity: sha512-fwy+NY+0CHrZqqzDrjPBlTuK53W4dG5EEg/QQFAE7KVM+okRqPk8tg45bJ5628rCNLe13GDmPIE107LmgspNqA==}
    cpu: [arm64]
    os: [linux]

  '@rspack/binding-linux-arm64-musl@1.5.7':
    resolution: {integrity: sha512-576u/0F4ZUzpHckFme4vQ0sSxjE+B/gVP4tNJ+P6bJaclXLFXV4icbjTUQwOIgmA1EQz/JFeKGGJZ4p6mowpBQ==}
    cpu: [arm64]
    os: [linux]

  '@rspack/binding-linux-x64-gnu@1.5.7':
    resolution: {integrity: sha512-brSHywXjjeuWkv0ywgxS4VgDgquarEb4XGr+eXhOaPcc8x2rNefyc4hErplrI7+oxPXVuGK5VE4ZH5bj3Yknvg==}
    cpu: [x64]
    os: [linux]

  '@rspack/binding-linux-x64-musl@1.5.7':
    resolution: {integrity: sha512-HcS0DzbLlWCwVfYcWMbTgILh4GELD6m4CZoFEhIr4fJCJi0p8NgLYycy1QtDhaUjs8TKalmyMwHrJwGnD141JA==}
    cpu: [x64]
    os: [linux]

  '@rspack/binding-wasm32-wasi@1.5.7':
    resolution: {integrity: sha512-uTRUEuK+TVlvUBSWXVoxD+6JTN+rvtRqVlO+A7I7VnOY7p9Rpvk1sXcHtEwg/XuDCq4DALnvlzbFLh7G3zILvw==}
    cpu: [wasm32]

  '@rspack/binding-win32-arm64-msvc@1.5.7':
    resolution: {integrity: sha512-dFHrXRUmMTkxEn/Uw2RLbIckKfi0Zmn2NnEXwedWdyRgZW4Vhk7+VBxM22O/CHZmAGt12Ol25yTuVv58ANLEKA==}
    cpu: [arm64]
    os: [win32]

  '@rspack/binding-win32-ia32-msvc@1.5.7':
    resolution: {integrity: sha512-PNtnOIUzE9p/Fbl6l/1Zs7bhn8ccTlaHTgZgQq0sO/QxjLlbU0WPjRl+YLo27cAningSOAbANuYlN8vAcuimrw==}
    cpu: [ia32]
    os: [win32]

  '@rspack/binding-win32-x64-msvc@1.5.7':
    resolution: {integrity: sha512-22gTaYkwaIUvyXRxf1RVnFTJPqF2hD1pgAQNBIz7kYybe6vvSZ6KInW4WyG4vjYKrJg/cbS4QvtlLn0lYXrdIw==}
    cpu: [x64]
    os: [win32]

  '@rspack/binding@1.5.7':
    resolution: {integrity: sha512-/fFrf4Yu8Tc0yXBw33g2++turdld1MDphLiLg05bx92fOVI1MafocwPvm35e3y1z7CtlQJ2Bmvzhi6APJShKxg==}

  '@rspack/core@1.5.7':
    resolution: {integrity: sha512-57ey3wafK/g+B9zLdCiIrX3eTK8rFEM3yvxBUb2ro3ZtAaCGm4y7xERcXZJNn4D01pjzzCJ/u1ezpQmsZYLP7A==}
    engines: {node: '>=18.12.0'}
    peerDependencies:
      '@swc/helpers': '>=0.5.1'
    peerDependenciesMeta:
      '@swc/helpers':
        optional: true

  '@rspack/lite-tapable@1.0.1':
    resolution: {integrity: sha512-VynGOEsVw2s8TAlLf/uESfrgfrq2+rcXB1muPJYBWbsm1Oa6r5qVQhjA5ggM6z/coYPrsVMgovl3Ff7Q7OCp1w==}
    engines: {node: '>=16.0.0'}

  '@tybys/wasm-util@0.10.1':
    resolution: {integrity: sha512-9tTaPJLSiejZKx+Bmog4uSubteqTvFrVrURwkmHixBo0G4seD0zUxp98E1DzUBJxLQ3NPwXrGKDiVjwx/DpPsg==}

  tslib@2.8.1:
    resolution: {integrity: sha512-oJFu94HQb+KVduSUQL7wnpmqnfmLsOA/nAh6b6EH0wCEoK0/mPeXU6c3wKDV83MkOuHPRHtSXKKU99IBazS/2w==}

snapshots:

  '@emnapi/core@1.5.0':
    dependencies:
      '@emnapi/wasi-threads': 1.1.0
      tslib: 2.8.1
    optional: true

  '@emnapi/runtime@1.5.0':
    dependencies:
      tslib: 2.8.1
    optional: true

  '@emnapi/wasi-threads@1.1.0':
    dependencies:
      tslib: 2.8.1
    optional: true

  '@module-federation/error-codes@0.18.0': {}

  '@module-federation/runtime-core@0.18.0':
    dependencies:
      '@module-federation/error-codes': 0.18.0
      '@module-federation/sdk': 0.18.0

  '@module-federation/runtime-tools@0.18.0':
    dependencies:
      '@module-federation/runtime': 0.18.0
      '@module-federation/webpack-bundler-runtime': 0.18.0

  '@module-federation/runtime@0.18.0':
    dependencies:
      '@module-federation/error-codes': 0.18.0
      '@module-federation/runtime-core': 0.18.0
      '@module-federation/sdk': 0.18.0

  '@module-federation/sdk@0.18.0': {}

  '@module-federation/webpack-bundler-runtime@0.18.0':
    dependencies:
      '@module-federation/runtime': 0.18.0
      '@module-federation/sdk': 0.18.0

  '@napi-rs/wasm-runtime@1.0.5':
    dependencies:
      '@emnapi/core': 1.5.0
      '@emnapi/runtime': 1.5.0
      '@tybys/wasm-util': 0.10.1
    optional: true

  '@rspack/binding-darwin-arm64@1.5.7':
    optional: true

  '@rspack/binding-darwin-x64@1.5.7':
    optional: true

  '@rspack/binding-linux-arm64-gnu@1.5.7':
    optional: true

  '@rspack/binding-linux-arm64-musl@1.5.7':
    optional: true

  '@rspack/binding-linux-x64-gnu@1.5.7':
    optional: true

  '@rspack/binding-linux-x64-musl@1.5.7':
    optional: true

  '@rspack/binding-wasm32-wasi@1.5.7':
    dependencies:
      '@napi-rs/wasm-runtime': 1.0.5
    optional: true

  '@rspack/binding-win32-arm64-msvc@1.5.7':
    optional: true

  '@rspack/binding-win32-ia32-msvc@1.5.7':
    optional: true

  '@rspack/binding-win32-x64-msvc@1.5.7':
    optional: true

  '@rspack/binding@1.5.7':
    optionalDependencies:
      '@rspack/binding-darwin-arm64': 1.5.7
      '@rspack/binding-darwin-x64': 1.5.7
      '@rspack/binding-linux-arm64-gnu': 1.5.7
      '@rspack/binding-linux-arm64-musl': 1.5.7
      '@rspack/binding-linux-x64-gnu': 1.5.7
      '@rspack/binding-linux-x64-musl': 1.5.7
      '@rspack/binding-wasm32-wasi': 1.5.7
      '@rspack/binding-win32-arm64-msvc': 1.5.7
      '@rspack/binding-win32-ia32-msvc': 1.5.7
      '@rspack/binding-win32-x64-msvc': 1.5.7

  '@rspack/core@1.5.7':
    dependencies:
      '@module-federation/runtime-tools': 0.18.0
      '@rspack/binding': 1.5.7
      '@rspack/lite-tapable': 1.0.1

  '@rspack/lite-tapable@1.0.1': {}

  '@tybys/wasm-util@0.10.1':
    dependencies:
      tslib: 2.8.1
    optional: true

  tslib@2.8.1:
    optional: true
