lockfileVersion: '9.0'

settings:
  autoInstallPeers: true
  excludeLinksFromLockfile: false

catalogs:
  default:
    '@rspack/core':
      specifier: 1.5.6
      version: 1.5.6

importers:

  .:
    dependencies:
      '@rspack/core':
        specifier: 'catalog:'
        version: 1.5.6
      '@shined/spack-binding':
        specifier: workspace:*
        version: link:../crates/binding

packages:

  '@emnapi/core@1.5.0':
    resolution: {integrity: sha512-sbP8GzB1WDzacS8fgNPpHlp6C9VZe+SJP3F90W9rLemaQj2PzIuTEl1qDOYQf58YIpyjViI24y9aPWCjEzY2cg==}

  '@emnapi/runtime@1.5.0':
    resolution: {integrity: sha512-97/BJ3iXHww3djw6hYIfErCZFee7qCtrneuLa20UXFCOTCfBM2cvQHjWJ2EG0s0MtdNwInarqCTz35i4wWXHsQ==}

  '@emnapi/wasi-threads@1.1.0':
    resolution: {integrity: sha512-WI0DdZ8xFSbgMjR1sFsKABJ/C5OnRrjT06JXbZKexJGrDuPTzZdDYfFlsgcCXCyf+suG5QU2e/y1Wo2V/OapLQ==}

  '@module-federation/error-codes@0.18.0':
    resolution: {integrity: sha512-Woonm8ehyVIUPXChmbu80Zj6uJkC0dD9SJUZ/wOPtO8iiz/m+dkrOugAuKgoiR6qH4F+yorWila954tBz4uKsQ==}

  '@module-federation/runtime-core@0.18.0':
    resolution: {integrity: sha512-ZyYhrDyVAhUzriOsVfgL6vwd+5ebYm595Y13KeMf6TKDRoUHBMTLGQ8WM4TDj8JNsy7LigncK8C03fn97of0QQ==}

  '@module-federation/runtime-tools@0.18.0':
    resolution: {integrity: sha512-fSga9o4t1UfXNV/Kh6qFvRyZpPp3EHSPRISNeyT8ZoTpzDNiYzhtw0BPUSSD8m6C6XQh2s/11rI4g80UY+d+hA==}

  '@module-federation/runtime@0.18.0':
    resolution: {integrity: sha512-+C4YtoSztM7nHwNyZl6dQKGUVJdsPrUdaf3HIKReg/GQbrt9uvOlUWo2NXMZ8vDAnf/QRrpSYAwXHmWDn9Obaw==}

  '@module-federation/sdk@0.18.0':
    resolution: {integrity: sha512-Lo/Feq73tO2unjmpRfyyoUkTVoejhItXOk/h5C+4cistnHbTV8XHrW/13fD5e1Iu60heVdAhhelJd6F898Ve9A==}

  '@module-federation/webpack-bundler-runtime@0.18.0':
    resolution: {integrity: sha512-TEvErbF+YQ+6IFimhUYKK3a5wapD90d90sLsNpcu2kB3QGT7t4nIluE25duXuZDVUKLz86tEPrza/oaaCWTpvQ==}

  '@napi-rs/wasm-runtime@1.0.5':
    resolution: {integrity: sha512-TBr9Cf9onSAS2LQ2+QHx6XcC6h9+RIzJgbqG3++9TUZSH204AwEy5jg3BTQ0VATsyoGj4ee49tN/y6rvaOOtcg==}

  '@rspack/binding-darwin-arm64@1.5.6':
    resolution: {integrity: sha512-eRG8wbciBn09rdEGGijt3ZKYNgq1DGaiLaDb08HP1hZ/+SN4OdM9wxGo+abwkWl/Zv9ab/Ff8xc+Ry357UFvKA==}
    cpu: [arm64]
    os: [darwin]

  '@rspack/binding-darwin-x64@1.5.6':
    resolution: {integrity: sha512-+0ulwI2XNu1ArNP2UucKbePr1GAJiwaNL6Us5Ke0Qx/DRRzPGuA6X+R2iT30HjJRSLe6G9T9DxnBOnnqJOlysw==}
    cpu: [x64]
    os: [darwin]

  '@rspack/binding-linux-arm64-gnu@1.5.6':
    resolution: {integrity: sha512-a7LxYdJzANj8xNjjlNJDCITQ9yAYGlc4Znz4DAYTX6vW0Q146rXCDif/UJLboYjQgrrbNbufpfRKEpPbYu2zGw==}
    cpu: [arm64]
    os: [linux]

  '@rspack/binding-linux-arm64-musl@1.5.6':
    resolution: {integrity: sha512-Bi2Z8HhWH1ZikH2Ettowzej75Iy219KZYIl2W1RVwLkuAqm/DBRx099YsMmh+6esI8e3UgBQtWcHLz5lXaB+6g==}
    cpu: [arm64]
    os: [linux]

  '@rspack/binding-linux-x64-gnu@1.5.6':
    resolution: {integrity: sha512-Ko4IbyaWA0B4e0EtXyfouVvkeIyh0bcgcESahir1tX/wRyXAV9aqOm0uRZ3eSIRaIvKxWQAmoi49/gFNgUMNJA==}
    cpu: [x64]
    os: [linux]

  '@rspack/binding-linux-x64-musl@1.5.6':
    resolution: {integrity: sha512-Nyk2KoMiWruGe8GSGKlg0MU+EBWUiWJ+fV4/IEZw6tnAsod4YKIm4vD7f9jac0Mw07GIXggKQc0MaVhWTC8F7g==}
    cpu: [x64]
    os: [linux]

  '@rspack/binding-wasm32-wasi@1.5.6':
    resolution: {integrity: sha512-Jj44lsdQWAaBZZwKk/x6UeQD/NFpH5uucHVXQUsC5BGF0PO3XbGSwhX7GSQ7+JuvFvEpIZDg6DuFXycB0Kv6iA==}
    cpu: [wasm32]

  '@rspack/binding-win32-arm64-msvc@1.5.6':
    resolution: {integrity: sha512-zkAe6JRAUqHGYFO64GyGDQHk6jg5s+odFkZ66Z1jun7AvHXB99iDN5mX8+kNjaECXjIl4A9dT5oO8Ogc04vLkQ==}
    cpu: [arm64]
    os: [win32]

  '@rspack/binding-win32-ia32-msvc@1.5.6':
    resolution: {integrity: sha512-M7ghMl0eh/cD5oNCCd8OPsUdgCPEsI3BKJqrWZmKFIMbJci0mDTLivc2/NIMt7fgbfRBSeUKeIQKbVbey6yufg==}
    cpu: [ia32]
    os: [win32]

  '@rspack/binding-win32-x64-msvc@1.5.6':
    resolution: {integrity: sha512-i8HiI1gErP+vQ8DYz+oDbpNHPRZ8BSRl8tt3GA02FINujanKvy0xWyOQyOssxSio4IwWTlZQRQf0TEAT1UraUg==}
    cpu: [x64]
    os: [win32]

  '@rspack/binding@1.5.6':
    resolution: {integrity: sha512-1I6VOr5pe4FeL6wUlrOmMUVXWcYTVJTpwBzprxGdiu9oYwltBTiTXd7F6x6NOId1CiPcmXZII+3aZr9X3JwoPA==}

  '@rspack/core@1.5.6':
    resolution: {integrity: sha512-lM+0m5P+YZdY1tMWX8qbEO3gywAS2lV7pUWFQRF2hqyF7mwWo9oN4erp99MIf5dq5A+vDrK3oPDNIuTWrWz5NA==}
    engines: {node: '>=18.12.0'}
    peerDependencies:
      '@swc/helpers': '>=0.5.1'
    peerDependenciesMeta:
      '@swc/helpers':
        optional: true

  '@rspack/lite-tapable@1.0.1':
    resolution: {integrity: sha512-VynGOEsVw2s8TAlLf/uESfrgfrq2+rcXB1muPJYBWbsm1Oa6r5qVQhjA5ggM6z/coYPrsVMgovl3Ff7Q7OCp1w==}
    engines: {node: '>=16.0.0'}

  '@tybys/wasm-util@0.10.1':
    resolution: {integrity: sha512-9tTaPJLSiejZKx+Bmog4uSubteqTvFrVrURwkmHixBo0G4seD0zUxp98E1DzUBJxLQ3NPwXrGKDiVjwx/DpPsg==}

  tslib@2.8.1:
    resolution: {integrity: sha512-oJFu94HQb+KVduSUQL7wnpmqnfmLsOA/nAh6b6EH0wCEoK0/mPeXU6c3wKDV83MkOuHPRHtSXKKU99IBazS/2w==}

snapshots:

  '@emnapi/core@1.5.0':
    dependencies:
      '@emnapi/wasi-threads': 1.1.0
      tslib: 2.8.1
    optional: true

  '@emnapi/runtime@1.5.0':
    dependencies:
      tslib: 2.8.1
    optional: true

  '@emnapi/wasi-threads@1.1.0':
    dependencies:
      tslib: 2.8.1
    optional: true

  '@module-federation/error-codes@0.18.0': {}

  '@module-federation/runtime-core@0.18.0':
    dependencies:
      '@module-federation/error-codes': 0.18.0
      '@module-federation/sdk': 0.18.0

  '@module-federation/runtime-tools@0.18.0':
    dependencies:
      '@module-federation/runtime': 0.18.0
      '@module-federation/webpack-bundler-runtime': 0.18.0

  '@module-federation/runtime@0.18.0':
    dependencies:
      '@module-federation/error-codes': 0.18.0
      '@module-federation/runtime-core': 0.18.0
      '@module-federation/sdk': 0.18.0

  '@module-federation/sdk@0.18.0': {}

  '@module-federation/webpack-bundler-runtime@0.18.0':
    dependencies:
      '@module-federation/runtime': 0.18.0
      '@module-federation/sdk': 0.18.0

  '@napi-rs/wasm-runtime@1.0.5':
    dependencies:
      '@emnapi/core': 1.5.0
      '@emnapi/runtime': 1.5.0
      '@tybys/wasm-util': 0.10.1
    optional: true

  '@rspack/binding-darwin-arm64@1.5.6':
    optional: true

  '@rspack/binding-darwin-x64@1.5.6':
    optional: true

  '@rspack/binding-linux-arm64-gnu@1.5.6':
    optional: true

  '@rspack/binding-linux-arm64-musl@1.5.6':
    optional: true

  '@rspack/binding-linux-x64-gnu@1.5.6':
    optional: true

  '@rspack/binding-linux-x64-musl@1.5.6':
    optional: true

  '@rspack/binding-wasm32-wasi@1.5.6':
    dependencies:
      '@napi-rs/wasm-runtime': 1.0.5
    optional: true

  '@rspack/binding-win32-arm64-msvc@1.5.6':
    optional: true

  '@rspack/binding-win32-ia32-msvc@1.5.6':
    optional: true

  '@rspack/binding-win32-x64-msvc@1.5.6':
    optional: true

  '@rspack/binding@1.5.6':
    optionalDependencies:
      '@rspack/binding-darwin-arm64': 1.5.6
      '@rspack/binding-darwin-x64': 1.5.6
      '@rspack/binding-linux-arm64-gnu': 1.5.6
      '@rspack/binding-linux-arm64-musl': 1.5.6
      '@rspack/binding-linux-x64-gnu': 1.5.6
      '@rspack/binding-linux-x64-musl': 1.5.6
      '@rspack/binding-wasm32-wasi': 1.5.6
      '@rspack/binding-win32-arm64-msvc': 1.5.6
      '@rspack/binding-win32-ia32-msvc': 1.5.6
      '@rspack/binding-win32-x64-msvc': 1.5.6

  '@rspack/core@1.5.6':
    dependencies:
      '@module-federation/runtime-tools': 0.18.0
      '@rspack/binding': 1.5.6
      '@rspack/lite-tapable': 1.0.1

  '@rspack/lite-tapable@1.0.1': {}

  '@tybys/wasm-util@0.10.1':
    dependencies:
      tslib: 2.8.1
    optional: true

  tslib@2.8.1:
    optional: true
